# This file is automatically @generated by Cargo.
# It is not intended for manual editing.
version = 4

[[package]]
name = "babytrack-cli"
version = "0.0.0"
dependencies = [
 "babytrack-core",
]

[[package]]
name = "babytrack-core"
version = "0.0.0"

[[package]]
name = "babytrack-core-ffi"
version = "0.0.0"
dependencies = [
 "babytrack-core",
]

[[package]]
name = "babytrack-core-wasm"
version = "0.0.0"
dependencies = [
 "babytrack-core",
]

[[package]]
name = "babytrack-server"
version = "0.0.0"
